
Microsoft Visual Studio Solution File, Format Version 12.00
# Visual Studio Version 16
VisualStudioVersion = 16.0.30011.22
MinimumVisualStudioVersion = 15.0.26124.0
Project("{2150E333-8FDC-42A3-9474-1A3956D46DE8}") = "src", "src", "{A1735760-33EC-11E9-A2AD-4F0D75C62EFA}"
EndProject
Project("{FAE04EC0-301F-11D3-BF4B-00C04F79EFBC}") = "LuminiHire", "src\LuminiHire\LuminiHire.csproj", "{97F3FCF7-4BEE-4ECB-8AB4-8C035D4544BB}"
EndProject
Global
	GlobalSection(SolutionConfigurationPlatforms) = preSolution
		Debug|Any CPU = Debug|Any CPU
		Debug|x64 = Debug|x64
		Debug|x86 = Debug|x86
		Release|Any CPU = Release|Any CPU
		Release|x64 = Release|x64
		Release|x86 = Release|x86
	EndGlobalSection
	GlobalSection(ProjectConfigurationPlatforms) = postSolution
		{97F3FCF7-4BEE-4ECB-8AB4-8C035D4544BB}.Debug|Any CPU.ActiveCfg = Debug|Any CPU
		{97F3FCF7-4BEE-4ECB-8AB4-8C035D4544BB}.Debug|Any CPU.Build.0 = Debug|Any CPU
		{97F3FCF7-4BEE-4ECB-8AB4-8C035D4544BB}.Debug|x64.ActiveCfg = Debug|Any CPU
		{97F3FCF7-4BEE-4ECB-8AB4-8C035D4544BB}.Debug|x64.Build.0 = Debug|Any CPU
		{97F3FCF7-4BEE-4ECB-8AB4-8C035D4544BB}.Debug|x86.ActiveCfg = Debug|Any CPU
		{97F3FCF7-4BEE-4ECB-8AB4-8C035D4544BB}.Debug|x86.Build.0 = Debug|Any CPU
		{97F3FCF7-4BEE-4ECB-8AB4-8C035D4544BB}.Release|Any CPU.ActiveCfg = Release|Any CPU
		{97F3FCF7-4BEE-4ECB-8AB4-8C035D4544BB}.Release|Any CPU.Build.0 = Release|Any CPU
		{97F3FCF7-4BEE-4ECB-8AB4-8C035D4544BB}.Release|x64.ActiveCfg = Release|Any CPU
		{97F3FCF7-4BEE-4ECB-8AB4-8C035D4544BB}.Release|x64.Build.0 = Release|Any CPU
		{97F3FCF7-4BEE-4ECB-8AB4-8C035D4544BB}.Release|x86.ActiveCfg = Release|Any CPU
		{97F3FCF7-4BEE-4ECB-8AB4-8C035D4544BB}.Release|x86.Build.0 = Release|Any CPU
	EndGlobalSection
	GlobalSection(SolutionProperties) = preSolution
		HideSolutionNode = FALSE
	EndGlobalSection
	GlobalSection(NestedProjects) = preSolution
		{97F3FCF7-4BEE-4ECB-8AB4-8C035D4544BB} = {A1735760-33EC-11E9-A2AD-4F0D75C62EFA}
	EndGlobalSection
	GlobalSection(ExtensibilityGlobals) = postSolution
		SolutionGuid = {8292177C-C7BB-475E-829D-9445D0DFA5D4}
	EndGlobalSection
EndGlobal
